
Microsoft Visual Studio Solution File, Format Version 12.00
# Visual Studio Version 17
VisualStudioVersion = 17.6.33829.357
MinimumVisualStudioVersion = 10.0.40219.1
Project("{FAE04EC0-301F-11D3-BF4B-00C04F79EFBC}") = "AppSettings", "AppSettings\AppSettings.csproj", "{4254D096-FCCB-4495-AA03-0E59AE38506E}"
EndProject
Global
	GlobalSection(SolutionConfigurationPlatforms) = preSolution
		Debug|Any CPU = Debug|Any CPU
		Release|Any CPU = Release|Any CPU
	EndGlobalSection
	GlobalSection(ProjectConfigurationPlatforms) = postSolution
		{4254D096-FCCB-4495-AA03-0E59AE38506E}.Debug|Any CPU.ActiveCfg = Debug|Any CPU
		{4254D096-FCCB-4495-AA03-0E59AE38506E}.Debug|Any CPU.Build.0 = Debug|Any CPU
		{4254D096-FCCB-4495-AA03-0E59AE38506E}.Release|Any CPU.ActiveCfg = Release|Any CPU
		{4254D096-FCCB-4495-AA03-0E59AE38506E}.Release|Any CPU.Build.0 = Release|Any CPU
	EndGlobalSection
	GlobalSection(SolutionProperties) = preSolution
		HideSolutionNode = FALSE
	EndGlobalSection
	GlobalSection(ExtensibilityGlobals) = postSolution
		SolutionGuid = {09A11C45-5FE7-44EE-85C4-6ED11A99F95C}
	EndGlobalSection
EndGlobal
